
Microsoft Visual Studio Solution File, Format Version 12.00
# Visual Studio 15
VisualStudioVersion = 15.0.28010.2019
MinimumVisualStudioVersion = 10.0.40219.1
Project("{FAE04EC0-301F-11D3-BF4B-00C04F79EFBC}") = "WpfApp1", "WpfApp1\WpfApp1.csproj", "{3AEF9E0D-B993-4C8A-AA79-119E682647AF}"
EndProject
Global
	GlobalSection(SolutionConfigurationPlatforms) = preSolution
		Debug|Any CPU = Debug|Any CPU
		Release|Any CPU = Release|Any CPU
	EndGlobalSection
	GlobalSection(ProjectConfigurationPlatforms) = postSolution
		{3AEF9E0D-B993-4C8A-AA79-119E682647AF}.Debug|Any CPU.ActiveCfg = Debug|Any CPU
		{3AEF9E0D-B993-4C8A-AA79-119E682647AF}.Debug|Any CPU.Build.0 = Debug|Any CPU
		{3AEF9E0D-B993-4C8A-AA79-119E682647AF}.Release|Any CPU.ActiveCfg = Release|Any CPU
		{3AEF9E0D-B993-4C8A-AA79-119E682647AF}.Release|Any CPU.Build.0 = Release|Any CPU
	EndGlobalSection
	GlobalSection(SolutionProperties) = preSolution
		HideSolutionNode = FALSE
	EndGlobalSection
	GlobalSection(ExtensibilityGlobals) = postSolution
		SolutionGuid = {127B0974-D746-4E4E-BE16-5D2499C7254C}
	EndGlobalSection
EndGlobal
